
Microsoft Visual Studio Solution File, Format Version 12.00
# Visual Studio Version 16
VisualStudioVersion = 16.0.32602.291
MinimumVisualStudioVersion = 10.0.40219.1
Project("{9A19103F-16F7-4668-BE54-9A1E7A4F7556}") = "FinanceMentorTutorial.Server", "FinanceMentorTutorial\Server\FinanceMentorTutorial.Server.csproj", "{A36964D5-E700-49A7-8B53-DD7273D28963}"
EndProject
Project("{9A19103F-16F7-4668-BE54-9A1E7A4F7556}") = "FinanceMentorTutorial.Client", "FinanceMentorTutorial\Client\FinanceMentorTutorial.Client.csproj", "{7ADC36E9-2D1A-4B13-A891-2F3A1764ADA9}"
EndProject
Project("{9A19103F-16F7-4668-BE54-9A1E7A4F7556}") = "FinanceMentorTutorial.Shared", "FinanceMentorTutorial\Shared\FinanceMentorTutorial.Shared.csproj", "{CD4EA247-FAB9-4A62-B976-3E637C6FB5F2}"
EndProject
Global
	GlobalSection(SolutionConfigurationPlatforms) = preSolution
		Debug|Any CPU = Debug|Any CPU
		Release|Any CPU = Release|Any CPU
	EndGlobalSection
	GlobalSection(ProjectConfigurationPlatforms) = postSolution
		{A36964D5-E700-49A7-8B53-DD7273D28963}.Debug|Any CPU.ActiveCfg = Debug|Any CPU
		{A36964D5-E700-49A7-8B53-DD7273D28963}.Debug|Any CPU.Build.0 = Debug|Any CPU
		{A36964D5-E700-49A7-8B53-DD7273D28963}.Release|Any CPU.ActiveCfg = Release|Any CPU
		{A36964D5-E700-49A7-8B53-DD7273D28963}.Release|Any CPU.Build.0 = Release|Any CPU
		{7ADC36E9-2D1A-4B13-A891-2F3A1764ADA9}.Debug|Any CPU.ActiveCfg = Debug|Any CPU
		{7ADC36E9-2D1A-4B13-A891-2F3A1764ADA9}.Debug|Any CPU.Build.0 = Debug|Any CPU
		{7ADC36E9-2D1A-4B13-A891-2F3A1764ADA9}.Release|Any CPU.ActiveCfg = Release|Any CPU
		{7ADC36E9-2D1A-4B13-A891-2F3A1764ADA9}.Release|Any CPU.Build.0 = Release|Any CPU
		{CD4EA247-FAB9-4A62-B976-3E637C6FB5F2}.Debug|Any CPU.ActiveCfg = Debug|Any CPU
		{CD4EA247-FAB9-4A62-B976-3E637C6FB5F2}.Debug|Any CPU.Build.0 = Debug|Any CPU
		{CD4EA247-FAB9-4A62-B976-3E637C6FB5F2}.Release|Any CPU.ActiveCfg = Release|Any CPU
		{CD4EA247-FAB9-4A62-B976-3E637C6FB5F2}.Release|Any CPU.Build.0 = Release|Any CPU
	EndGlobalSection
	GlobalSection(SolutionProperties) = preSolution
		HideSolutionNode = FALSE
	EndGlobalSection
	GlobalSection(ExtensibilityGlobals) = postSolution
		SolutionGuid = {F9F39017-5A04-4AE9-A347-30626874C9E0}
	EndGlobalSection
EndGlobal
